<?xml version="1.0" encoding="utf-8"?>
<Project ToolsVersion="4.0" xmlns="http://schemas.microsoft.com/developer/msbuild/2003">
  <ItemGroup>
    <Filter Include="Resource Files">
      <UniqueIdentifier>{67DA6AB6-F800-4c08-8B7A-83BB121AAD01}</UniqueIdentifier>
      <Extensions>rc;ico;cur;bmp;dlg;rc2;rct;bin;rgs;gif;jpg;jpeg;jpe;resx;tiff;tif;png;wav</Extensions>
    </Filter>
    <Filter Include="App">
      <UniqueIdentifier>{66715f6f-09b3-420b-bf66-30dc4426a736}</UniqueIdentifier>
    </Filter>
    <Filter Include="App\UI">
      <UniqueIdentifier>{a685dd9d-7845-485c-87aa-b8470d5c41ce}</UniqueIdentifier>
    </Filter>
    <Filter Include="App\UI\Charting">
      <UniqueIdentifier>{aa8fea21-67e3-4c95-9c6a-d14cdd155d7a}</UniqueIdentifier>
    </Filter>
  </ItemGroup>
  <ItemGroup>
    <ClCompile Include="..\src\CinderSandboxApp.cpp">
      <Filter>Source Files</Filter>
    </ClCompile>
    <ClCompile Include="..\src\CinderSandboxApp.cpp">
      <Filter>App</Filter>
    </ClCompile>
    <ClCompile Include="..\src\ParticleSystem.cpp">
      <Filter>App</Filter>
    </ClCompile>
    <ClCompile Include="..\src\ui\Chart.cpp">
      <Filter>App\UI</Filter>
    </ClCompile>
    <ClCompile Include="..\src\ui\LayoutSystem.cpp">
      <Filter>App\UI</Filter>
    </ClCompile>
    <ClCompile Include="..\src\ui\TextBlock.cpp">
      <Filter>App\UI</Filter>
    </ClCompile>
    <ClCompile Include="..\src\ui\charting\ItemsSource.cpp">
      <Filter>App\UI\Charting</Filter>
    </ClCompile>
  </ItemGroup>
  <ItemGroup>
    <ClInclude Include="..\include\Resources.h">
      <Filter>Header Files</Filter>
    </ClInclude>
    <ClInclude Include="..\src\CinderHelper.h">
      <Filter>App</Filter>
    </ClInclude>
    <ClInclude Include="..\src\ParticleSystem.h">
      <Filter>App</Filter>
    </ClInclude>
    <ClInclude Include="..\src\STDExtensions.h">
      <Filter>App</Filter>
    </ClInclude>
    <ClInclude Include="..\src\UpdateDrawSystem.h">
      <Filter>App</Filter>
    </ClInclude>
    <ClInclude Include="..\src\Vec2.h">
      <Filter>App</Filter>
    </ClInclude>
    <ClInclude Include="..\src\ui\Chart.h">
      <Filter>App\UI</Filter>
    </ClInclude>
    <ClInclude Include="..\src\ui\LayoutSystem.h">
      <Filter>App\UI</Filter>
    </ClInclude>
    <ClInclude Include="..\src\ui\TextBlock.h">
      <Filter>App\UI</Filter>
    </ClInclude>
    <ClInclude Include="..\src\ui\UIElement.h">
      <Filter>App\UI</Filter>
    </ClInclude>
    <ClInclude Include="..\src\ui\charting\ItemsSource.h">
      <Filter>App\UI\Charting</Filter>
    </ClInclude>
    <ClInclude Include="..\src\ui\Panel.h">
      <Filter>App\UI</Filter>
    </ClInclude>
    <ClInclude Include="..\src\ui\GridPanel.h">
      <Filter>App\UI</Filter>
    </ClInclude>
  </ItemGroup>
  <ItemGroup>
    <ResourceCompile Include="Resources.rc">
      <Filter>Resource Files</Filter>
    </ResourceCompile>
  </ItemGroup>
</Project>